
Microsoft Visual Studio Solution File, Format Version 12.00
# Visual Studio Version 16
VisualStudioVersion = 16.0.31515.178
MinimumVisualStudioVersion = 10.0.40219.1
Project("{888888A0-9F3D-457C-B088-3A5042F75D52}") = "CIS 110", "CIS 110.pyproj", "{52D996F0-C1DB-4EF4-9991-4CD42E856FD2}"
EndProject
Global
	GlobalSection(SolutionConfigurationPlatforms) = preSolution
		Debug|Any CPU = Debug|Any CPU
		Release|Any CPU = Release|Any CPU
	EndGlobalSection
	GlobalSection(ProjectConfigurationPlatforms) = postSolution
		{52D996F0-C1DB-4EF4-9991-4CD42E856FD2}.Debug|Any CPU.ActiveCfg = Debug|Any CPU
		{52D996F0-C1DB-4EF4-9991-4CD42E856FD2}.Release|Any CPU.ActiveCfg = Release|Any CPU
	EndGlobalSection
	GlobalSection(SolutionProperties) = preSolution
		HideSolutionNode = FALSE
	EndGlobalSection
	GlobalSection(ExtensibilityGlobals) = postSolution
		SolutionGuid = {D774EB5C-D047-4051-BDAA-7747A1B72820}
	EndGlobalSection
EndGlobal
